# This file is automatically @generated by Cargo.
# It is not intended for manual editing.
version = 4

[[package]]
name = "mlos-abi"
version = "0.0.1"

[[package]]
name = "mlos-cli"
version = "0.0.1"

[[package]]
name = "mlos-console"
version = "0.0.1"
dependencies = [
 "mlos-device",
 "mlos-machine",
 "mlos-pl011",
 "mlos-virtio",
]

[[package]]
name = "mlos-device"
version = "0.0.1"

[[package]]
name = "mlos-fdt"
version = "0.0.1"

[[package]]
name = "mlos-gic-aarch64"
version = "0.0.1"
dependencies = [
 "mlos-device",
]

[[package]]
name = "mlos-hal"
version = "0.0.1"
dependencies = [
 "mlos-device",
]

[[package]]
name = "mlos-hal-aarch64"
version = "0.0.1"
dependencies = [
 "mlos-device",
]

[[package]]
name = "mlos-kernel"
version = "0.0.1"
dependencies = [
 "mlos-console",
 "mlos-device",
 "mlos-gic-aarch64",
 "mlos-hal",
 "mlos-hal-aarch64",
 "mlos-machine",
 "mlos-mmu-aarch64",
 "mlos-trap-aarch64",
 "mlos-virtio",
 "mlsh",
]

[[package]]
name = "mlos-machine"
version = "0.0.1"
dependencies = [
 "mlos-fdt",
 "mlos-hal",
]

[[package]]
name = "mlos-metrics"
version = "0.0.1"
dependencies = [
 "mlos-abi",
]

[[package]]
name = "mlos-mmu-aarch64"
version = "0.0.1"
dependencies = [
 "mlos-hal",
]

[[package]]
name = "mlos-objman"
version = "0.0.1"
dependencies = [
 "mlos-abi",
 "mlos-metrics",
 "mlos-objtab",
 "mlos-provider",
]

[[package]]
name = "mlos-objtab"
version = "0.0.1"
dependencies = [
 "mlos-abi",
]

[[package]]
name = "mlos-pl011"
version = "0.0.1"
dependencies = [
 "mlos-device",
]

[[package]]
name = "mlos-provider"
version = "0.0.1"
dependencies = [
 "mlos-abi",
 "mlos-objtab",
]

[[package]]
name = "mlos-provider-dram"
version = "0.0.1"
dependencies = [
 "mlos-abi",
 "mlos-objtab",
 "mlos-provider",
]

[[package]]
name = "mlos-queue"
version = "0.0.1"

[[package]]
name = "mlos-trap-aarch64"
version = "0.0.1"

[[package]]
name = "mlos-virtio"
version = "0.0.1"
dependencies = [
 "mlos-device",
]

[[package]]
name = "mlsh"
version = "0.0.1"
dependencies = [
 "mlos-hal",
 "mlos-queue",
]
