# This file is automatically @generated by Cargo.
# It is not intended for manual editing.
version = 4

[[package]]
name = "mlos-abi"
version = "0.0.1"

[[package]]
name = "mlos-device"
version = "0.0.1"

[[package]]
name = "mlos-fdt"
version = "0.0.1"

[[package]]
name = "mlos-hal"
version = "0.0.1"
dependencies = [
 "mlos-device",
]

[[package]]
name = "mlos-hal-aarch64"
version = "0.0.1"
dependencies = [
 "mlos-device",
]

[[package]]
name = "mlos-kernel"
version = "0.0.1"
dependencies = [
 "mlos-hal",
 "mlos-hal-aarch64",
 "mlos-machine",
 "mlos-mmu-aarch64",
]

[[package]]
name = "mlos-machine"
version = "0.0.1"
dependencies = [
 "mlos-fdt",
 "mlos-hal",
]

[[package]]
name = "mlos-mmu-aarch64"
version = "0.0.1"
dependencies = [
 "mlos-hal",
]
